{
  "version": 4,
  "terraform_version": "1.4.6",
  "serial": 241,
  "lineage": "a793fa3f-f6b4-0918-acd7-74b37471f070",
  "outputs": {},
  "resources": [
    {
      "mode": "managed",
      "type": "yandex_iam_service_account",
      "name": "sa-node",
      "provider": "provider[\"registry.terraform.io/yandex-cloud/yandex\"]",
      "instances": [
        {
          "schema_version": 0,
          "attributes": {
            "created_at": "2023-05-28T11:49:18Z",
            "description": "service account to manage NODEs",
            "folder_id": "b1g22pb8mgkotr12pcoh",
            "id": "aje6ms4p3skg60u4n73q",
            "name": "node-manager",
            "timeouts": null
          },
          "sensitive_attributes": [],
          "private": "eyJlMmJmYjczMC1lY2FhLTExZTYtOGY4OC0zNDM2M2JjN2M0YzAiOnsiY3JlYXRlIjo2MDAwMDAwMDAwMCwiZGVsZXRlIjo2MDAwMDAwMDAwMCwidXBkYXRlIjo2MDAwMDAwMDAwMH19"
        }
      ]
    },
    {
      "mode": "managed",
      "type": "yandex_iam_service_account",
      "name": "sa-resource",
      "provider": "provider[\"registry.terraform.io/yandex-cloud/yandex\"]",
      "instances": [
        {
          "schema_version": 0,
          "attributes": {
            "created_at": "2023-05-28T11:49:17Z",
            "description": "service account to manage RESOURCEs",
            "folder_id": "b1g22pb8mgkotr12pcoh",
            "id": "aje6lcqqt94823erhmc9",
            "name": "resource-manager",
            "timeouts": null
          },
          "sensitive_attributes": [],
          "private": "eyJlMmJmYjczMC1lY2FhLTExZTYtOGY4OC0zNDM2M2JjN2M0YzAiOnsiY3JlYXRlIjo2MDAwMDAwMDAwMCwiZGVsZXRlIjo2MDAwMDAwMDAwMCwidXBkYXRlIjo2MDAwMDAwMDAwMH19"
        }
      ]
    },
    {
      "mode": "managed",
      "type": "yandex_iam_service_account",
      "name": "service-account",
      "provider": "provider[\"registry.terraform.io/yandex-cloud/yandex\"]",
      "instances": [
        {
          "schema_version": 0,
          "attributes": {
            "created_at": "2023-05-28T11:49:19Z",
            "description": "\u003cservice account description\u003e",
            "folder_id": "b1g22pb8mgkotr12pcoh",
            "id": "ajevqgb8rdbhbghhbqmo",
            "name": "service-account",
            "timeouts": null
          },
          "sensitive_attributes": [],
          "private": "eyJlMmJmYjczMC1lY2FhLTExZTYtOGY4OC0zNDM2M2JjN2M0YzAiOnsiY3JlYXRlIjo2MDAwMDAwMDAwMCwiZGVsZXRlIjo2MDAwMDAwMDAwMCwidXBkYXRlIjo2MDAwMDAwMDAwMH19"
        }
      ]
    },
    {
      "mode": "managed",
      "type": "yandex_kms_symmetric_key",
      "name": "key-a",
      "provider": "provider[\"registry.terraform.io/yandex-cloud/yandex\"]",
      "instances": [
        {
          "schema_version": 0,
          "attributes": {
            "created_at": "2023-05-28T11:49:17Z",
            "default_algorithm": "AES_128",
            "description": "description for key",
            "folder_id": "b1g22pb8mgkotr12pcoh",
            "id": "abj55k9j2p2omt2ko346",
            "labels": null,
            "name": "kms-key",
            "rotated_at": "",
            "rotation_period": "8760h0m0s",
            "status": "active",
            "timeouts": null
          },
          "sensitive_attributes": [],
          "private": "eyJlMmJmYjczMC1lY2FhLTExZTYtOGY4OC0zNDM2M2JjN2M0YzAiOnsiY3JlYXRlIjo2MDAwMDAwMDAwMCwiZGVsZXRlIjo2MDAwMDAwMDAwMCwicmVhZCI6NjAwMDAwMDAwMDAsInVwZGF0ZSI6NjAwMDAwMDAwMDB9fQ=="
        }
      ]
    },
    {
      "mode": "managed",
      "type": "yandex_kubernetes_cluster",
      "name": "zonal_cluster_panda_coder",
      "provider": "provider[\"registry.terraform.io/yandex-cloud/yandex\"]",
      "instances": [
        {
          "schema_version": 0,
          "attributes": {
            "cluster_ipv4_range": "10.112.0.0/16",
            "cluster_ipv6_range": "",
            "created_at": "2023-05-28T11:49:28Z",
            "description": "description",
            "folder_id": "b1g22pb8mgkotr12pcoh",
            "health": "healthy",
            "id": "catgjl4ul3qshiccgatp",
            "kms_provider": [
              {
                "key_id": "abj55k9j2p2omt2ko346"
              }
            ],
            "labels": {},
            "log_group_id": "ckg5bcdsd6u3t1n6aqfe",
            "master": [
              {
                "cluster_ca_certificate": "-----BEGIN CERTIFICATE-----\nMIIC5zCCAc+gAwIBAgIBADANBgkqhkiG9w0BAQsFADAVMRMwEQYDVQQDEwprdWJl\ncm5ldGVzMB4XDTIzMDUyODExNDkzMFoXDTMzMDUyNTExNDkzMFowFTETMBEGA1UE\nAxMKa3ViZXJuZXRlczCCASIwDQYJKoZIhvcNAQEBBQADggEPADCCAQoCggEBAKfw\nmweA527oY/UyeMGboIoHxcETYfd0ujw/2t2li4j7Il+ATr+FKWWNPCijNY0+a3yl\nWpZXMHV6v8jmSoyghqmXvqkeEmX3dusQMRBFKSLpJSR22NxHz66J2W89g4DWzr/4\nBhwGrKLB7IMaYn6SLfG4zS32SdywOfx7GN8V125tsNLAIWN1RMsDRbF7wXdskbWe\nWn0aSHxK20eM/U9YQ3xbXKvQub/1+ExHAtGptrJYjVoYdv5r+nzDc9/W9xN9Ydj2\ntxKdHKYn7SUImlOSNcrtUITYHC1d2csrLkSFCPNTuG1zZUzj8tf+cuA7tLIqHF3U\nyANeGKLFDCdlrIonZOUCAwEAAaNCMEAwDgYDVR0PAQH/BAQDAgKkMA8GA1UdEwEB\n/wQFMAMBAf8wHQYDVR0OBBYEFKheoJOY3G8fE83ry9CgXHBe0yDmMA0GCSqGSIb3\nDQEBCwUAA4IBAQAXTIc+Eq4HvLMisJGLCok4DVU9Eb6aiL+Wl2z/VydS6GNhYpqy\nCWQIQ3QGM+AhCGBU23z/yY2zN0KfD4f7oxKi7yNHfWfhhhflkaSTO/KsmyeIzbMu\nI0ODe3hSVRvZ27jouk5dBcgHyNUQXN7a6aetOing95YCclAb4mwybMCnAhIZf+5D\nGZfnCkDbljgUoifKxahPe1a/xbS8+AX1oyZ+VytXyLiMUe9/oUgEHSj/6gTPa3Pg\nFhijMGCEEgFXFlp6iYyp155BLD1qVV04Wv46ahdqpGwOTLIZ0ynGXM3Fy6NR/wdg\nDIrcw1UM2pZjo63S8f4cNY0M4eB8pEeEyh1W\n-----END CERTIFICATE-----\n",
                "external_v4_address": "158.160.106.45",
                "external_v4_endpoint": "https://158.160.106.45",
                "external_v6_address": "",
                "external_v6_endpoint": "",
                "internal_v4_address": "10.100.0.10",
                "internal_v4_endpoint": "https://10.100.0.10",
                "maintenance_policy": [
                  {
                    "auto_upgrade": true,
                    "maintenance_window": [
                      {
                        "day": "",
                        "duration": "3h",
                        "start_time": "15:00"
                      }
                    ]
                  }
                ],
                "master_logging": [],
                "public_ip": true,
                "regional": [],
                "security_group_ids": [
                  "enpgm71suttnan2efuu8"
                ],
                "version": "1.22",
                "version_info": [
                  {
                    "current_version": "1.22",
                    "new_revision_available": false,
                    "new_revision_summary": "",
                    "version_deprecated": false
                  }
                ],
                "zonal": [
                  {
                    "subnet_id": "e9bmk8dav1hsl9psc3d6",
                    "zone": "ru-central1-a"
                  }
                ]
              }
            ],
            "name": "kebernetes-cluster",
            "network_id": "enpqvo29j6ddsj2b6bqb",
            "network_implementation": [],
            "network_policy_provider": "CALICO",
            "node_ipv4_cidr_mask_size": 24,
            "node_service_account_id": "aje6ms4p3skg60u4n73q",
            "release_channel": "RAPID",
            "service_account_id": "ajevqgb8rdbhbghhbqmo",
            "service_ipv4_range": "10.96.0.0/16",
            "service_ipv6_range": "",
            "status": "running",
            "timeouts": null
          },
          "sensitive_attributes": [],
          "private": "eyJlMmJmYjczMC1lY2FhLTExZTYtOGY4OC0zNDM2M2JjN2M0YzAiOnsiY3JlYXRlIjoxODAwMDAwMDAwMDAwLCJkZWxldGUiOjEyMDAwMDAwMDAwMDAsInJlYWQiOjMwMDAwMDAwMDAwMCwidXBkYXRlIjoxODAwMDAwMDAwMDAwfX0=",
          "dependencies": [
            "yandex_iam_service_account.sa-node",
            "yandex_iam_service_account.service-account",
            "yandex_kms_symmetric_key.key-a",
            "yandex_resourcemanager_folder_iam_member.editor",
            "yandex_resourcemanager_folder_iam_member.images-puller",
            "yandex_vpc_network.vpc-net",
            "yandex_vpc_security_group.sg-1",
            "yandex_vpc_subnet.vpc-subnet-a"
          ]
        }
      ]
    },
    {
      "mode": "managed",
      "type": "yandex_kubernetes_node_group",
      "name": "panda_coder_node_group",
      "provider": "provider[\"registry.terraform.io/yandex-cloud/yandex\"]",
      "instances": [
        {
          "schema_version": 0,
          "attributes": {
            "allocation_policy": [
              {
                "location": [
                  {
                    "subnet_id": "e9bmk8dav1hsl9psc3d6",
                    "zone": "ru-central1-a"
                  }
                ]
              }
            ],
            "allowed_unsafe_sysctls": null,
            "cluster_id": "catgjl4ul3qshiccgatp",
            "created_at": "2023-05-28T11:57:27Z",
            "deploy_policy": [
              {
                "max_expansion": 3,
                "max_unavailable": 0
              }
            ],
            "description": "description",
            "id": "catdajmn3enucschvdv5",
            "instance_group_id": "cl1431mgpu167dh2so3i",
            "instance_template": [
              {
                "boot_disk": [
                  {
                    "size": 64,
                    "type": "network-hdd"
                  }
                ],
                "container_runtime": [
                  {
                    "type": "containerd"
                  }
                ],
                "labels": null,
                "metadata": {},
                "name": "",
                "nat": true,
                "network_acceleration_type": "type_unspecified",
                "network_interface": [
                  {
                    "ipv4": true,
                    "ipv4_dns_records": [],
                    "ipv6": false,
                    "ipv6_dns_records": [],
                    "nat": true,
                    "security_group_ids": [
                      "enpgm71suttnan2efuu8"
                    ],
                    "subnet_ids": [
                      "e9bmk8dav1hsl9psc3d6"
                    ]
                  }
                ],
                "placement_policy": [],
                "platform_id": "standard-v1",
                "resources": [
                  {
                    "core_fraction": 100,
                    "cores": 2,
                    "gpus": 0,
                    "memory": 4
                  }
                ],
                "scheduling_policy": [
                  {
                    "preemptible": false
                  }
                ]
              }
            ],
            "labels": {},
            "maintenance_policy": [
              {
                "auto_repair": true,
                "auto_upgrade": true,
                "maintenance_window": []
              }
            ],
            "name": "panda-coder-nodes",
            "node_labels": null,
            "node_taints": null,
            "scale_policy": [
              {
                "auto_scale": [],
                "fixed_scale": [
                  {
                    "size": 2
                  }
                ]
              }
            ],
            "status": "running",
            "timeouts": null,
            "version": "1.22",
            "version_info": [
              {
                "current_version": "1.22",
                "new_revision_available": false,
                "new_revision_summary": "",
                "version_deprecated": false
              }
            ]
          },
          "sensitive_attributes": [],
          "private": "eyJlMmJmYjczMC1lY2FhLTExZTYtOGY4OC0zNDM2M2JjN2M0YzAiOnsiY3JlYXRlIjozNjAwMDAwMDAwMDAwLCJkZWxldGUiOjEyMDAwMDAwMDAwMDAsInJlYWQiOjYwMDAwMDAwMDAwMCwidXBkYXRlIjozNjAwMDAwMDAwMDAwfX0=",
          "dependencies": [
            "yandex_iam_service_account.sa-node",
            "yandex_iam_service_account.service-account",
            "yandex_kms_symmetric_key.key-a",
            "yandex_kubernetes_cluster.zonal_cluster_panda_coder",
            "yandex_resourcemanager_folder_iam_member.editor",
            "yandex_resourcemanager_folder_iam_member.images-puller",
            "yandex_vpc_network.vpc-net",
            "yandex_vpc_security_group.sg-1",
            "yandex_vpc_subnet.vpc-subnet-a"
          ]
        }
      ]
    },
    {
      "mode": "managed",
      "type": "yandex_logging_group",
      "name": "group1",
      "provider": "provider[\"registry.terraform.io/yandex-cloud/yandex\"]",
      "instances": [
        {
          "schema_version": 0,
          "attributes": {
            "cloud_id": "b1ghmu2f91v5gacflenc",
            "created_at": "2023-05-28T11:49:17Z",
            "data_stream": "",
            "description": "",
            "folder_id": "b1g22pb8mgkotr12pcoh",
            "id": "e23v7shtuelban0v82c7",
            "labels": null,
            "name": "test-logging-group",
            "retention_period": "1h0m0s",
            "status": "ACTIVE",
            "timeouts": null
          },
          "sensitive_attributes": [],
          "private": "eyJlMmJmYjczMC1lY2FhLTExZTYtOGY4OC0zNDM2M2JjN2M0YzAiOnsiY3JlYXRlIjozMDAwMDAwMDAwMCwiZGVmYXVsdCI6MzAwMDAwMDAwMDAsImRlbGV0ZSI6MzAwMDAwMDAwMDAsInJlYWQiOjMwMDAwMDAwMDAwLCJ1cGRhdGUiOjMwMDAwMDAwMDAwfX0="
        }
      ]
    },
    {
      "mode": "managed",
      "type": "yandex_resourcemanager_folder_iam_binding",
      "name": "node-account",
      "provider": "provider[\"registry.terraform.io/yandex-cloud/yandex\"]",
      "instances": [
        {
          "schema_version": 0,
          "attributes": {
            "folder_id": "b1g22pb8mgkotr12pcoh",
            "id": "b1g22pb8mgkotr12pcoh/editor",
            "members": [
              "serviceAccount:aje6ms4p3skg60u4n73q"
            ],
            "role": "editor",
            "sleep_after": null
          },
          "sensitive_attributes": [],
          "private": "bnVsbA==",
          "dependencies": [
            "yandex_iam_service_account.sa-node"
          ]
        }
      ]
    },
    {
      "mode": "managed",
      "type": "yandex_resourcemanager_folder_iam_binding",
      "name": "resource-account-rule1",
      "provider": "provider[\"registry.terraform.io/yandex-cloud/yandex\"]",
      "instances": [
        {
          "schema_version": 0,
          "attributes": {
            "folder_id": "b1g22pb8mgkotr12pcoh",
            "id": "b1g22pb8mgkotr12pcoh/vpc.publicAdmin",
            "members": [
              "serviceAccount:aje6lcqqt94823erhmc9"
            ],
            "role": "vpc.publicAdmin",
            "sleep_after": null
          },
          "sensitive_attributes": [],
          "private": "bnVsbA==",
          "dependencies": [
            "yandex_iam_service_account.sa-resource"
          ]
        }
      ]
    },
    {
      "mode": "managed",
      "type": "yandex_resourcemanager_folder_iam_binding",
      "name": "resource-account-rule2",
      "provider": "provider[\"registry.terraform.io/yandex-cloud/yandex\"]",
      "instances": [
        {
          "schema_version": 0,
          "attributes": {
            "folder_id": "b1g22pb8mgkotr12pcoh",
            "id": "b1g22pb8mgkotr12pcoh/load-balancer.admin",
            "members": [
              "serviceAccount:aje6lcqqt94823erhmc9"
            ],
            "role": "load-balancer.admin",
            "sleep_after": null
          },
          "sensitive_attributes": [],
          "private": "bnVsbA==",
          "dependencies": [
            "yandex_iam_service_account.sa-resource"
          ]
        }
      ]
    },
    {
      "mode": "managed",
      "type": "yandex_resourcemanager_folder_iam_binding",
      "name": "resource-account-rule3",
      "provider": "provider[\"registry.terraform.io/yandex-cloud/yandex\"]",
      "instances": [
        {
          "schema_version": 0,
          "attributes": {
            "folder_id": "b1g22pb8mgkotr12pcoh",
            "id": "b1g22pb8mgkotr12pcoh/k8s.clusters.agent",
            "members": [
              "serviceAccount:aje6lcqqt94823erhmc9"
            ],
            "role": "k8s.clusters.agent",
            "sleep_after": null
          },
          "sensitive_attributes": [],
          "private": "bnVsbA==",
          "dependencies": [
            "yandex_iam_service_account.sa-resource"
          ]
        }
      ]
    },
    {
      "mode": "managed",
      "type": "yandex_resourcemanager_folder_iam_member",
      "name": "editor",
      "provider": "provider[\"registry.terraform.io/yandex-cloud/yandex\"]",
      "instances": [
        {
          "schema_version": 0,
          "attributes": {
            "folder_id": "b1g22pb8mgkotr12pcoh",
            "id": "b1g22pb8mgkotr12pcoh/editor/serviceAccount:ajevqgb8rdbhbghhbqmo",
            "member": "serviceAccount:ajevqgb8rdbhbghhbqmo",
            "role": "editor",
            "sleep_after": null
          },
          "sensitive_attributes": [],
          "private": "bnVsbA==",
          "dependencies": [
            "yandex_iam_service_account.service-account"
          ]
        }
      ]
    },
    {
      "mode": "managed",
      "type": "yandex_resourcemanager_folder_iam_member",
      "name": "images-puller",
      "provider": "provider[\"registry.terraform.io/yandex-cloud/yandex\"]",
      "instances": [
        {
          "schema_version": 0,
          "attributes": {
            "folder_id": "b1g22pb8mgkotr12pcoh",
            "id": "b1g22pb8mgkotr12pcoh/container-registry.images.puller/serviceAccount:ajevqgb8rdbhbghhbqmo",
            "member": "serviceAccount:ajevqgb8rdbhbghhbqmo",
            "role": "container-registry.images.puller",
            "sleep_after": null
          },
          "sensitive_attributes": [],
          "private": "bnVsbA==",
          "dependencies": [
            "yandex_iam_service_account.service-account"
          ]
        }
      ]
    },
    {
      "mode": "managed",
      "type": "yandex_vpc_network",
      "name": "vpc-net",
      "provider": "provider[\"registry.terraform.io/yandex-cloud/yandex\"]",
      "instances": [
        {
          "schema_version": 0,
          "attributes": {
            "created_at": "2023-05-28T11:49:17Z",
            "default_security_group_id": "",
            "description": "",
            "folder_id": "b1g22pb8mgkotr12pcoh",
            "id": "enpqvo29j6ddsj2b6bqb",
            "labels": {},
            "name": "vpc-k8s",
            "subnet_ids": [],
            "timeouts": null
          },
          "sensitive_attributes": [],
          "private": "eyJlMmJmYjczMC1lY2FhLTExZTYtOGY4OC0zNDM2M2JjN2M0YzAiOnsiY3JlYXRlIjo2MDAwMDAwMDAwMCwiZGVsZXRlIjo2MDAwMDAwMDAwMCwidXBkYXRlIjo2MDAwMDAwMDAwMH19"
        }
      ]
    },
    {
      "mode": "managed",
      "type": "yandex_vpc_security_group",
      "name": "sg-1",
      "provider": "provider[\"registry.terraform.io/yandex-cloud/yandex\"]",
      "instances": [
        {
          "schema_version": 0,
          "attributes": {
            "created_at": "2023-05-28T11:49:19Z",
            "description": "description for my security group",
            "egress": [
              {
                "description": "Rule allows all outgoing traffic. Nodes can connect to Yandex Container Registry, Yandex Object Storage, Docker Hub, and so on.",
                "from_port": 0,
                "id": "enpeem5922l4hh8dh7jd",
                "labels": {},
                "port": -1,
                "predefined_target": "",
                "protocol": "ANY",
                "security_group_id": "",
                "to_port": 65535,
                "v4_cidr_blocks": [
                  "0.0.0.0/0"
                ],
                "v6_cidr_blocks": []
              }
            ],
            "folder_id": "b1g22pb8mgkotr12pcoh",
            "id": "enpgm71suttnan2efuu8",
            "ingress": [
              {
                "description": "All incoming access",
                "from_port": -1,
                "id": "enp8nstukjmslqfufn6b",
                "labels": {},
                "port": -1,
                "predefined_target": "",
                "protocol": "ANY",
                "security_group_id": "",
                "to_port": -1,
                "v4_cidr_blocks": [
                  "0.0.0.0/0"
                ],
                "v6_cidr_blocks": []
              },
              {
                "description": "Rule allows availability checks from load balancer's address range. It is required for the operation of a fault-tolerant cluster and load balancer services.",
                "from_port": -1,
                "id": "enpe7rql4rnqcp5s77cr",
                "labels": {},
                "port": 80,
                "predefined_target": "",
                "protocol": "TCP",
                "security_group_id": "",
                "to_port": -1,
                "v4_cidr_blocks": [
                  "0.0.0.0/0"
                ],
                "v6_cidr_blocks": []
              },
              {
                "description": "Rule allows availability checks from load balancer's address range. It is required for the operation of a fault-tolerant cluster and load balancer services.",
                "from_port": 0,
                "id": "enplpm6i9656pafud9ov",
                "labels": {},
                "port": -1,
                "predefined_target": "loadbalancer_healthchecks",
                "protocol": "TCP",
                "security_group_id": "",
                "to_port": 65535,
                "v4_cidr_blocks": [],
                "v6_cidr_blocks": []
              },
              {
                "description": "Rule allows incomming traffic from the Internet for kubeconfig",
                "from_port": -1,
                "id": "enp6mticfl1job30ip2m",
                "labels": {},
                "port": 443,
                "predefined_target": "",
                "protocol": "TCP",
                "security_group_id": "",
                "to_port": -1,
                "v4_cidr_blocks": [
                  "0.0.0.0/0"
                ],
                "v6_cidr_blocks": []
              },
              {
                "description": "Rule allows incomming traffic from the Internet for kubeconfig",
                "from_port": -1,
                "id": "enpi80ncj3vhd6p84u0l",
                "labels": {},
                "port": 6443,
                "predefined_target": "",
                "protocol": "TCP",
                "security_group_id": "",
                "to_port": -1,
                "v4_cidr_blocks": [
                  "0.0.0.0/0"
                ],
                "v6_cidr_blocks": []
              },
              {
                "description": "Rule allows incomming traffic from the Internet to the NodePort port range. Add ports or change existing ones to the required ports.",
                "from_port": 30000,
                "id": "enpsusekpb8md026vs1a",
                "labels": {},
                "port": -1,
                "predefined_target": "",
                "protocol": "TCP",
                "security_group_id": "",
                "to_port": 32767,
                "v4_cidr_blocks": [
                  "0.0.0.0/0"
                ],
                "v6_cidr_blocks": []
              },
              {
                "description": "Rule allows master-node and node-node communication inside a security group.",
                "from_port": 0,
                "id": "enpi6og2vrqh8r0sl9td",
                "labels": {},
                "port": -1,
                "predefined_target": "self_security_group",
                "protocol": "ANY",
                "security_group_id": "",
                "to_port": 65535,
                "v4_cidr_blocks": [],
                "v6_cidr_blocks": []
              },
              {
                "description": "Rule allows pod-pod and service-service communication inside a security group. Indicate your IP ranges.",
                "from_port": 0,
                "id": "enprhs2e2jkgh2u0ijd5",
                "labels": {},
                "port": -1,
                "predefined_target": "",
                "protocol": "ANY",
                "security_group_id": "",
                "to_port": 65535,
                "v4_cidr_blocks": [
                  "172.17.0.0/16",
                  "172.18.0.0/16"
                ],
                "v6_cidr_blocks": []
              }
            ],
            "labels": {},
            "name": "security-g1",
            "network_id": "enpqvo29j6ddsj2b6bqb",
            "status": "ACTIVE",
            "timeouts": null
          },
          "sensitive_attributes": [],
          "private": "eyJlMmJmYjczMC1lY2FhLTExZTYtOGY4OC0zNDM2M2JjN2M0YzAiOnsiY3JlYXRlIjoxODAwMDAwMDAwMDAsImRlbGV0ZSI6MTgwMDAwMDAwMDAwLCJ1cGRhdGUiOjE4MDAwMDAwMDAwMH19",
          "dependencies": [
            "yandex_vpc_network.vpc-net"
          ]
        }
      ]
    },
    {
      "mode": "managed",
      "type": "yandex_vpc_subnet",
      "name": "vpc-subnet-a",
      "provider": "provider[\"registry.terraform.io/yandex-cloud/yandex\"]",
      "instances": [
        {
          "schema_version": 0,
          "attributes": {
            "created_at": "2023-05-28T11:49:18Z",
            "description": "",
            "dhcp_options": [],
            "folder_id": "b1g22pb8mgkotr12pcoh",
            "id": "e9bmk8dav1hsl9psc3d6",
            "labels": {},
            "name": "",
            "network_id": "enpqvo29j6ddsj2b6bqb",
            "route_table_id": "",
            "timeouts": null,
            "v4_cidr_blocks": [
              "10.100.0.0/16"
            ],
            "v6_cidr_blocks": [],
            "zone": "ru-central1-a"
          },
          "sensitive_attributes": [],
          "private": "eyJlMmJmYjczMC1lY2FhLTExZTYtOGY4OC0zNDM2M2JjN2M0YzAiOnsiY3JlYXRlIjoxODAwMDAwMDAwMDAsImRlbGV0ZSI6MTgwMDAwMDAwMDAwLCJ1cGRhdGUiOjE4MDAwMDAwMDAwMH19",
          "dependencies": [
            "yandex_vpc_network.vpc-net"
          ]
        }
      ]
    }
  ],
  "check_results": null
}
